
Microsoft Visual Studio Solution File, Format Version 12.00
# Visual Studio Version 17
VisualStudioVersion = 17.14.36212.18 d17.14
MinimumVisualStudioVersion = 10.0.40219.1
Project("{54A90642-561A-4BB1-A94E-469ADEE60C69}") = "prueba2.client", "prueba2.client\prueba2.client.esproj", "{A8E3A578-3D54-B351-2B2B-E78300D5740C}"
EndProject
Project("{FAE04EC0-301F-11D3-BF4B-00C04F79EFBC}") = "Prueba2.Server", "Prueba2.Server\Prueba2.Server.csproj", "{C1FB5CEF-CB91-464E-A631-F74F126988F9}"
EndProject
Global
	GlobalSection(SolutionConfigurationPlatforms) = preSolution
		Debug|Any CPU = Debug|Any CPU
		Release|Any CPU = Release|Any CPU
	EndGlobalSection
	GlobalSection(ProjectConfigurationPlatforms) = postSolution
		{A8E3A578-3D54-B351-2B2B-E78300D5740C}.Debug|Any CPU.ActiveCfg = Debug|Any CPU
		{A8E3A578-3D54-B351-2B2B-E78300D5740C}.Debug|Any CPU.Build.0 = Debug|Any CPU
		{A8E3A578-3D54-B351-2B2B-E78300D5740C}.Debug|Any CPU.Deploy.0 = Debug|Any CPU
		{A8E3A578-3D54-B351-2B2B-E78300D5740C}.Release|Any CPU.ActiveCfg = Release|Any CPU
		{A8E3A578-3D54-B351-2B2B-E78300D5740C}.Release|Any CPU.Build.0 = Release|Any CPU
		{A8E3A578-3D54-B351-2B2B-E78300D5740C}.Release|Any CPU.Deploy.0 = Release|Any CPU
		{C1FB5CEF-CB91-464E-A631-F74F126988F9}.Debug|Any CPU.ActiveCfg = Debug|Any CPU
		{C1FB5CEF-CB91-464E-A631-F74F126988F9}.Debug|Any CPU.Build.0 = Debug|Any CPU
		{C1FB5CEF-CB91-464E-A631-F74F126988F9}.Release|Any CPU.ActiveCfg = Release|Any CPU
		{C1FB5CEF-CB91-464E-A631-F74F126988F9}.Release|Any CPU.Build.0 = Release|Any CPU
	EndGlobalSection
	GlobalSection(SolutionProperties) = preSolution
		HideSolutionNode = FALSE
	EndGlobalSection
	GlobalSection(ExtensibilityGlobals) = postSolution
		SolutionGuid = {3922BC83-BB62-4D89-9ACF-CA53067CE244}
	EndGlobalSection
EndGlobal
